PODS:
  - Stripe (23.3.2):
    - StripeApplePay (= 23.3.2)
    - StripeCore (= 23.3.2)
    - StripePayments (= 23.3.2)
    - StripePaymentsUI (= 23.3.2)
    - StripeUICore (= 23.3.2)
  - StripeApplePay (23.3.2):
    - StripeCore (= 23.3.2)
  - StripeCore (23.3.2)
  - StripePayments (23.3.2):
    - StripeCore (= 23.3.2)
    - StripePayments/Stripe3DS2 (= 23.3.2)
  - StripePayments/Stripe3DS2 (23.3.2):
    - StripeCore (= 23.3.2)
  - StripePaymentsUI (23.3.2):
    - StripeCore (= 23.3.2)
    - StripePayments (= 23.3.2)
    - StripeUICore (= 23.3.2)
  - StripeUICore (23.3.2):
    - StripeCore (= 23.3.2)

DEPENDENCIES:
  - Stripe

SPEC REPOS:
  trunk:
    - Stripe
    - StripeApplePay
    - StripeCore
    - StripePayments
    - StripePaymentsUI
    - StripeUICore

SPEC CHECKSUMS:
  Stripe: a11f72e054b581f16064d5b735e33a056f197c34
  StripeApplePay: e6267e960bee142c5140137c79f36639d96be2d2
  StripeCore: e7a5ef22f15ca26f83a9d8f52e87c6767317a268
  StripePayments: e56a21a758f06cb6048aae711d60c135ac49eaf7
  StripePaymentsUI: d3fa98cca974d6b29a331b7efe8c4803cdfe47de
  StripeUICore: b8514392b8d679a1be9739198e2df4168f34c8a7

PODFILE CHECKSUM: 0bd683c05f48b3d7fd39defd75a185d17997cf1d

COCOAPODS: 1.11.3
